# This file is autogenerated, do not edit; changes may be undone by the next 'dep ensure'.


[[projects]]
  name = "github.com/aws/aws-sdk-go"
  packages = ["."]
  revision = "9ed0c8de252f04ac45a65358377103d5a1aa2d92"
  version = "v1.12.66"

[solve-meta]
  analyzer-name = "dep"
  analyzer-version = 1
  inputs-digest = "6a7d5fa5e66fa8db83f5010c2d2907a56f0b8e1953649ff857f6aa82f819640f"
  solver-name = "gps-cdcl"
  solver-version = 1
